
Microsoft Visual Studio Solution File, Format Version 12.00
# Visual Studio Version 17
VisualStudioVersion = 17.9.34728.123
MinimumVisualStudioVersion = 10.0.40219.1
Project("{FAE04EC0-301F-11D3-BF4B-00C04F79EFBC}") = "Questao1", "Questao1.csproj", "{320F2C78-652D-4575-83FF-809BB4DABA1A}"
EndProject
Global
	GlobalSection(SolutionConfigurationPlatforms) = preSolution
		Debug|Any CPU = Debug|Any CPU
		Release|Any CPU = Release|Any CPU
	EndGlobalSection
	GlobalSection(ProjectConfigurationPlatforms) = postSolution
		{320F2C78-652D-4575-83FF-809BB4DABA1A}.Debug|Any CPU.ActiveCfg = Debug|Any CPU
		{320F2C78-652D-4575-83FF-809BB4DABA1A}.Debug|Any CPU.Build.0 = Debug|Any CPU
		{320F2C78-652D-4575-83FF-809BB4DABA1A}.Release|Any CPU.ActiveCfg = Release|Any CPU
		{320F2C78-652D-4575-83FF-809BB4DABA1A}.Release|Any CPU.Build.0 = Release|Any CPU
	EndGlobalSection
	GlobalSection(SolutionProperties) = preSolution
		HideSolutionNode = FALSE
	EndGlobalSection
	GlobalSection(ExtensibilityGlobals) = postSolution
		SolutionGuid = {86BF3369-0358-45D6-9A8D-70DD8B0F9650}
	EndGlobalSection
EndGlobal
